// !$*UTF8*$!
{
	archiveVersion = 1;
	classes = {
	};
	objectVersion = 46;
	objects = {

/* Begin PBXBuildFile section */
		7A92F2A41AB71F5200A61C19 /* AppDelegate.swift in Sources */ = {isa = PBXBuildFile; fileRef = 7A92F2A31AB71F5200A61C19 /* AppDelegate.swift */; };
		7A92F2A61AB71F5200A61C19 /* ViewController.swift in Sources */ = {isa = PBXBuildFile; fileRef = 7A92F2A51AB71F5200A61C19 /* ViewController.swift */; };
		7A92F2A91AB71F5200A61C19 /* Main.storyboard in Resources */ = {isa = PBXBuildFile; fileRef = 7A92F2A71AB71F5200A61C19 /* Main.storyboard */; };
		7A92F2AB1AB71F5200A61C19 /* Images.xcassets in Resources */ = {isa = PBXBuildFile; fileRef = 7A92F2AA1AB71F5200A61C19 /* Images.xcassets */; };
		7A92F2AE1AB71F5200A61C19 /* LaunchScreen.xib in Resources */ = {isa = PBXBuildFile; fileRef = 7A92F2AC1AB71F5200A61C19 /* LaunchScreen.xib */; };
		7A92F2BA1AB71F5200A61C19 /* testImportTests.swift in Sources */ = {isa = PBXBuildFile; fileRef = 7A92F2B91AB71F5200A61C19 /* testImportTests.swift */; };
/* End PBXBuildFile section */

/* Begin PBXContainerItemProxy section */
		7A92F2B41AB71F5200A61C19 /* PBXContainerItemProxy */ = {
			isa = PBXContainerItemProxy;
			containerPortal = 7A92F2961AB71F5200A61C19 /* Project object */;
			proxyType = 1;
			remoteGlobalIDString = 7A92F29D1AB71F5200A61C19;
			remoteInfo = testImport;
		};
/* End PBXContainerItemProxy section */

/* Begin PBXFileReference section */
		7A92F29E1AB71F5200A61C19 /* testImport.app */ = {isa = PBXFileReference; explicitFileType = wrapper.application; includeInIndex = 0; path = testImport.app; sourceTree = BUILT_PRODUCTS_DIR; };
		7A92F2A21AB71F5200A61C19 /* Info.plist */ = {isa = PBXFileReference; lastKnownFileType = text.plist.xml; path = Info.plist; sourceTree = "<group>"; };
		7A92F2A31AB71F5200A61C19 /* AppDelegate.swift */ = {isa = PBXFileReference; lastKnownFileType = sourcecode.swift; path = AppDelegate.swift; sourceTree = "<group>"; };
		7A92F2A51AB71F5200A61C19 /* ViewController.swift */ = {isa = PBXFileReference; lastKnownFileType = sourcecode.swift; path = ViewController.swift; sourceTree = "<group>"; };
		7A92F2A81AB71F5200A61C19 /* Base */ = {isa = PBXFileReference; lastKnownFileType = file.storyboard; name = Base; path = Base.lproj/Main.storyboard; sourceTree = "<group>"; };
		7A92F2AA1AB71F5200A61C19 /* Images.xcassets */ = {isa = PBXFileReference; lastKnownFileType = folder.assetcatalog; path = Images.xcassets; sourceTree = "<group>"; };
		7A92F2AD1AB71F5200A61C19 /* Base */ = {isa = PBXFileReference; lastKnownFileType = file.xib; name = Base; path = Base.lproj/LaunchScreen.xib; sourceTree = "<group>"; };
		7A92F2B31AB71F5200A61C19 /* testImportTests.xctest */ = {isa = PBXFileReference; explicitFileType = wrapper.cfbundle; includeInIndex = 0; path = testImportTests.xctest; sourceTree = BUILT_PRODUCTS_DIR; };
		7A92F2B81AB71F5200A61C19 /* Info.plist */ = {isa = PBXFileReference; lastKnownFileType = text.plist.xml; path = Info.plist; sourceTree = "<group>"; };
		7A92F2B91AB71F5200A61C19 /* testImportTests.swift */ = {isa = PBXFileReference; lastKnownFileType = sourcecode.swift; path = testImportTests.swift; sourceTree = "<group>"; };
/* End PBXFileReference section */

/* Begin PBXFrameworksBuildPhase section */
		7A92F29B1AB71F5200A61C19 /* Frameworks */ = {
			isa = PBXFrameworksBuildPhase;
			buildActionMask = 2147483647;
			files = (
			);
			runOnlyForDeploymentPostprocessing = 0;
		};
		7A92F2B01AB71F5200A61C19 /* Frameworks */ = {
			isa = PBXFrameworksBuildPhase;
			buildActionMask = 2147483647;
			files = (
			);
			runOnlyForDeploymentPostprocessing = 0;
		};
/* End PBXFrameworksBuildPhase section */

/* Begin PBXGroup section */
		7A92F2951AB71F5200A61C19 = {
			isa = PBXGroup;
			children = (
				7A92F2A01AB71F5200A61C19 /* testImport */,
				7A92F2B61AB71F5200A61C19 /* testImportTests */,
				7A92F29F1AB71F5200A61C19 /* Products */,
			);
			sourceTree = "<group>";
		};
		7A92F29F1AB71F5200A61C19 /* Products */ = {
			isa = PBXGroup;
			children = (
				7A92F29E1AB71F5200A61C19 /* testImport.app */,
				7A92F2B31AB71F5200A61C19 /* testImportTests.xctest */,
			);
			name = Products;
			sourceTree = "<group>";
		};
		7A92F2A01AB71F5200A61C19 /* testImport */ = {
			isa = PBXGroup;
			children = (
				7A92F2A31AB71F5200A61C19 /* AppDelegate.swift */,
				7A92F2A51AB71F5200A61C19 /* ViewController.swift */,
				7A92F2A71AB71F5200A61C19 /* Main.storyboard */,
				7A92F2AA1AB71F5200A61C19 /* Images.xcassets */,
				7A92F2AC1AB71F5200A61C19 /* LaunchScreen.xib */,
				7A92F2A11AB71F5200A61C19 /* Supporting Files */,
			);
			path = testImport;
			sourceTree = "<group>";
		};
		7A92F2A11AB71F5200A61C19 /* Supporting Files */ = {
			isa = PBXGroup;
			children = (
				7A92F2A21AB71F5200A61C19 /* Info.plist */,
			);
			name = "Supporting Files";
			sourceTree = "<group>";
		};
		7A92F2B61AB71F5200A61C19 /* testImportTests */ = {
			isa = PBXGroup;
			children = (
				7A92F2B91AB71F5200A61C19 /* testImportTests.swift */,
				7A92F2B71AB71F5200A61C19 /* Supporting Files */,
			);
			path = testImportTests;
			sourceTree = "<group>";
		};
		7A92F2B71AB71F5200A61C19 /* Supporting Files */ = {
			isa = PBXGroup;
			children = (
				7A92F2B81AB71F5200A61C19 /* Info.plist */,
			);
			name = "Supporting Files";
			sourceTree = "<group>";
		};
/* End PBXGroup section */

/* Begin PBXNativeTarget section */
		7A92F29D1AB71F5200A61C19 /* testImport */ = {
			isa = PBXNativeTarget;
			buildConfigurationList = 7A92F2BD1AB71F5200A61C19 /* Build configuration list for PBXNativeTarget "testImport" */;
			buildPhases = (
				7A92F29A1AB71F5200A61C19 /* Sources */,
				7A92F29B1AB71F5200A61C19 /* Frameworks */,
				7A92F29C1AB71F5200A61C19 /* Resources */,
			);
			buildRules = (
			);
			dependencies = (
			);
			name = testImport;
			productName = testImport;
			productReference = 7A92F29E1AB71F5200A61C19 /* testImport.app */;
			productType = "com.apple.product-type.application";
		};
		7A92F2B21AB71F5200A61C19 /* testImportTests */ = {
			isa = PBXNativeTarget;
			buildConfigurationList = 7A92F2C01AB71F5200A61C19 /* Build configuration list for PBXNativeTarget "testImportTests" */;
			buildPhases = (
				7A92F2AF1AB71F5200A61C19 /* Sources */,
				7A92F2B01AB71F5200A61C19 /* Frameworks */,
				7A92F2B11AB71F5200A61C19 /* Resources */,
			);
			buildRules = (
			);
			dependencies = (
				7A92F2B51AB71F5200A61C19 /* PBXTargetDependency */,
			);
			name = testImportTests;
			productName = testImportTests;
			productReference = 7A92F2B31AB71F5200A61C19 /* testImportTests.xctest */;
			productType = "com.apple.product-type.bundle.unit-test";
		};
/* End PBXNativeTarget section */

/* Begin PBXProject section */
		7A92F2961AB71F5200A61C19 /* Project object */ = {
			isa = PBXProject;
			attributes = {
				LastUpgradeCheck = 0620;
				ORGANIZATIONNAME = Romain;
				TargetAttributes = {
					7A92F29D1AB71F5200A61C19 = {
						CreatedOnToolsVersion = 6.2;
					};
					7A92F2B21AB71F5200A61C19 = {
						CreatedOnToolsVersion = 6.2;
						TestTargetID = 7A92F29D1AB71F5200A61C19;
					};
				};
			};
			buildConfigurationList = 7A92F2991AB71F5200A61C19 /* Build configuration list for PBXProject "testImport" */;
			compatibilityVersion = "Xcode 3.2";
			developmentRegion = English;
			hasScannedForEncodings = 0;
			knownRegions = (
				en,
				Base,
			);
			mainGroup = 7A92F2951AB71F5200A61C19;
			productRefGroup = 7A92F29F1AB71F5200A61C19 /* Products */;
			projectDirPath = "";
			projectRoot = "";
			targets = (
				7A92F29D1AB71F5200A61C19 /* testImport */,
				7A92F2B21AB71F5200A61C19 /* testImportTests */,
			);
		};
/* End PBXProject section */

/* Begin PBXResourcesBuildPhase section */
		7A92F29C1AB71F5200A61C19 /* Resources */ = {
			isa = PBXResourcesBuildPhase;
			buildActionMask = 2147483647;
			files = (
				7A92F2A91AB71F5200A61C19 /* Main.storyboard in Resources */,
				7A92F2AE1AB71F5200A61C19 /* LaunchScreen.xib in Resources */,
				7A92F2AB1AB71F5200A61C19 /* Images.xcassets in Resources */,
			);
			runOnlyForDeploymentPostprocessing = 0;
		};
		7A92F2B11AB71F5200A61C19 /* Resources */ = {
			isa = PBXResourcesBuildPhase;
			buildActionMask = 2147483647;
			files = (
			);
			runOnlyForDeploymentPostprocessing = 0;
		};
/* End PBXResourcesBuildPhase section */

/* Begin PBXSourcesBuildPhase section */
		7A92F29A1AB71F5200A61C19 /* Sources */ = {
			isa = PBXSourcesBuildPhase;
			buildActionMask = 2147483647;
			files = (
				7A92F2A61AB71F5200A61C19 /* ViewController.swift in Sources */,
				7A92F2A41AB71F5200A61C19 /* AppDelegate.swift in Sources */,
			);
			runOnlyForDeploymentPostprocessing = 0;
		};
		7A92F2AF1AB71F5200A61C19 /* Sources */ = {
			isa = PBXSourcesBuildPhase;
			buildActionMask = 2147483647;
			files = (
				7A92F2BA1AB71F5200A61C19 /* testImportTests.swift in Sources */,
			);
			runOnlyForDeploymentPostprocessing = 0;
		};
/* End PBXSourcesBuildPhase section */

/* Begin PBXTargetDependency section */
		7A92F2B51AB71F5200A61C19 /* PBXTargetDependency */ = {
			isa = PBXTargetDependency;
			target = 7A92F29D1AB71F5200A61C19 /* testImport */;
			targetProxy = 7A92F2B41AB71F5200A61C19 /* PBXContainerItemProxy */;
		};
/* End PBXTargetDependency section */

/* Begin PBXVariantGroup section */
		7A92F2A71AB71F5200A61C19 /* Main.storyboard */ = {
			isa = PBXVariantGroup;
			children = (
				7A92F2A81AB71F5200A61C19 /* Base */,
			);
			name = Main.storyboard;
			sourceTree = "<group>";
		};
		7A92F2AC1AB71F5200A61C19 /* LaunchScreen.xib */ = {
			isa = PBXVariantGroup;
			children = (
				7A92F2AD1AB71F5200A61C19 /* Base */,
			);
			name = LaunchScreen.xib;
			sourceTree = "<group>";
		};
/* End PBXVariantGroup section */

/* Begin XCBuildConfiguration section */
		7A92F2BB1AB71F5200A61C19 /* Debug */ = {
			isa = XCBuildConfiguration;
			buildSettings = {
				ALWAYS_SEARCH_USER_PATHS = NO;
				CLANG_CXX_LANGUAGE_STANDARD = "gnu++0x";
				CLANG_CXX_LIBRARY = "libc++";
				CLANG_ENABLE_MODULES = YES;
				CLANG_ENABLE_OBJC_ARC = YES;
				CLANG_WARN_BOOL_CONVERSION = YES;
				CLANG_WARN_CONSTANT_CONVERSION = YES;
				CLANG_WARN_DIRECT_OBJC_ISA_USAGE = YES_ERROR;
				CLANG_WARN_EMPTY_BODY = YES;
				CLANG_WARN_ENUM_CONVERSION = YES;
				CLANG_WARN_INT_CONVERSION = YES;
				CLANG_WARN_OBJC_ROOT_CLASS = YES_ERROR;
				CLANG_WARN_UNREACHABLE_CODE = YES;
				CLANG_WARN__DUPLICATE_METHOD_MATCH = YES;
				"CODE_SIGN_IDENTITY[sdk=iphoneos*]" = "iPhone Developer";
				COPY_PHASE_STRIP = NO;
				ENABLE_STRICT_OBJC_MSGSEND = YES;
				GCC_C_LANGUAGE_STANDARD = gnu99;
				GCC_DYNAMIC_NO_PIC = NO;
				GCC_OPTIMIZATION_LEVEL = 0;
				GCC_PREPROCESSOR_DEFINITIONS = (
					"DEBUG=1",
					"$(inherited)",
				);
				GCC_SYMBOLS_PRIVATE_EXTERN = NO;
				GCC_WARN_64_TO_32_BIT_CONVERSION = YES;
				GCC_WARN_ABOUT_RETURN_TYPE = YES_ERROR;
				GCC_WARN_UNDECLARED_SELECTOR = YES;
				GCC_WARN_UNINITIALIZED_AUTOS = YES_AGGRESSIVE;
				GCC_WARN_UNUSED_FUNCTION = YES;
				GCC_WARN_UNUSED_VARIABLE = YES;
				IPHONEOS_DEPLOYMENT_TARGET = 8.2;
				MTL_ENABLE_DEBUG_INFO = YES;
				ONLY_ACTIVE_ARCH = YES;
				SDKROOT = iphoneos;
				SWIFT_OPTIMIZATION_LEVEL = "-Onone";
			};
			name = Debug;
		};
		7A92F2BC1AB71F5200A61C19 /* Release */ = {
			isa = XCBuildConfiguration;
			buildSettings = {
				ALWAYS_SEARCH_USER_PATHS = NO;
				CLANG_CXX_LANGUAGE_STANDARD = "gnu++0x";
				CLANG_CXX_LIBRARY = "libc++";
				CLANG_ENABLE_MODULES = YES;
				CLANG_ENABLE_OBJC_ARC = YES;
				CLANG_WARN_BOOL_CONVERSION = YES;
				CLANG_WARN_CONSTANT_CONVERSION = YES;
				CLANG_WARN_DIRECT_OBJC_ISA_USAGE = YES_ERROR;
				CLANG_WARN_EMPTY_BODY = YES;
				CLANG_WARN_ENUM_CONVERSION = YES;
				CLANG_WARN_INT_CONVERSION = YES;
				CLANG_WARN_OBJC_ROOT_CLASS = YES_ERROR;
				CLANG_WARN_UNREACHABLE_CODE = YES;
				CLANG_WARN__DUPLICATE_METHOD_MATCH = YES;
				"CODE_SIGN_IDENTITY[sdk=iphoneos*]" = "iPhone Developer";
				COPY_PHASE_STRIP = NO;
				ENABLE_NS_ASSERTIONS = NO;
				ENABLE_STRICT_OBJC_MSGSEND = YES;
				GCC_C_LANGUAGE_STANDARD = gnu99;
				GCC_WARN_64_TO_32_BIT_CONVERSION = YES;
				GCC_WARN_ABOUT_RETURN_TYPE = YES_ERROR;
				GCC_WARN_UNDECLARED_SELECTOR = YES;
				GCC_WARN_UNINITIALIZED_AUTOS = YES_AGGRESSIVE;
				GCC_WARN_UNUSED_FUNCTION = YES;
				GCC_WARN_UNUSED_VARIABLE = YES;
				IPHONEOS_DEPLOYMENT_TARGET = 8.2;
				MTL_ENABLE_DEBUG_INFO = NO;
				SDKROOT = iphoneos;
				VALIDATE_PRODUCT = YES;
			};
			name = Release;
		};
		7A92F2BE1AB71F5200A61C19 /* Debug */ = {
			isa = XCBuildConfiguration;
			buildSettings = {
				ASSETCATALOG_COMPILER_APPICON_NAME = AppIcon;
				INFOPLIST_FILE = testImport/Info.plist;
				LD_RUNPATH_SEARCH_PATHS = "$(inherited) @executable_path/Frameworks";
				PRODUCT_NAME = "$(TARGET_NAME)";
			};
			name = Debug;
		};
		7A92F2BF1AB71F5200A61C19 /* Release */ = {
			isa = XCBuildConfiguration;
			buildSettings = {
				ASSETCATALOG_COMPILER_APPICON_NAME = AppIcon;
				INFOPLIST_FILE = testImport/Info.plist;
				LD_RUNPATH_SEARCH_PATHS = "$(inherited) @executable_path/Frameworks";
				PRODUCT_NAME = "$(TARGET_NAME)";
			};
			name = Release;
		};
		7A92F2C11AB71F5200A61C19 /* Debug */ = {
			isa = XCBuildConfiguration;
			buildSettings = {
				BUNDLE_LOADER = "$(TEST_HOST)";
				FRAMEWORK_SEARCH_PATHS = (
					"$(SDKROOT)/Developer/Library/Frameworks",
					"$(inherited)",
				);
				GCC_PREPROCESSOR_DEFINITIONS = (
					"DEBUG=1",
					"$(inherited)",
				);
				INFOPLIST_FILE = testImportTests/Info.plist;
				LD_RUNPATH_SEARCH_PATHS = "$(inherited) @executable_path/Frameworks @loader_path/Frameworks";
				PRODUCT_NAME = "$(TARGET_NAME)";
				TEST_HOST = "$(BUILT_PRODUCTS_DIR)/testImport.app/testImport";
			};
			name = Debug;
		};
		7A92F2C21AB71F5200A61C19 /* Release */ = {
			isa = XCBuildConfiguration;
			buildSettings = {
				BUNDLE_LOADER = "$(TEST_HOST)";
				FRAMEWORK_SEARCH_PATHS = (
					"$(SDKROOT)/Developer/Library/Frameworks",
					"$(inherited)",
				);
				INFOPLIST_FILE = testImportTests/Info.plist;
				LD_RUNPATH_SEARCH_PATHS = "$(inherited) @executable_path/Frameworks @loader_path/Frameworks";
				PRODUCT_NAME = "$(TARGET_NAME)";
				TEST_HOST = "$(BUILT_PRODUCTS_DIR)/testImport.app/testImport";
			};
			name = Release;
		};
/* End XCBuildConfiguration section */

/* Begin XCConfigurationList section */
		7A92F2991AB71F5200A61C19 /* Build configuration list for PBXProject "testImport" */ = {
			isa = XCConfigurationList;
			buildConfigurations = (
				7A92F2BB1AB71F5200A61C19 /* Debug */,
				7A92F2BC1AB71F5200A61C19 /* Release */,
			);
			defaultConfigurationIsVisible = 0;
			defaultConfigurationName = Release;
		};
		7A92F2BD1AB71F5200A61C19 /* Build configuration list for PBXNativeTarget "testImport" */ = {
			isa = XCConfigurationList;
			buildConfigurations = (
				7A92F2BE1AB71F5200A61C19 /* Debug */,
				7A92F2BF1AB71F5200A61C19 /* Release */,
			);
			defaultConfigurationIsVisible = 0;
		};
		7A92F2C01AB71F5200A61C19 /* Build configuration list for PBXNativeTarget "testImportTests" */ = {
			isa = XCConfigurationList;
			buildConfigurations = (
				7A92F2C11AB71F5200A61C19 /* Debug */,
				7A92F2C21AB71F5200A61C19 /* Release */,
			);
			defaultConfigurationIsVisible = 0;
		};
/* End XCConfigurationList section */
	};
	rootObject = 7A92F2961AB71F5200A61C19 /* Project object */;
}
